
Microsoft Visual Studio Solution File, Format Version 12.00
# Visual Studio Version 16
VisualStudioVersion = 16.0.31702.278
MinimumVisualStudioVersion = 10.0.40219.1
Project("{FAE04EC0-301F-11D3-BF4B-00C04F79EFBC}") = "SADigitalMarketingWebbApp", "SADigitalMarketingWebbApp\SADigitalMarketingWebbApp.csproj", "{9668031C-6BC0-4433-8605-67F482805ECE}"
EndProject
Global
	GlobalSection(SolutionConfigurationPlatforms) = preSolution
		Debug|Any CPU = Debug|Any CPU
		Release|Any CPU = Release|Any CPU
	EndGlobalSection
	GlobalSection(ProjectConfigurationPlatforms) = postSolution
		{9668031C-6BC0-4433-8605-67F482805ECE}.Debug|Any CPU.ActiveCfg = Debug|Any CPU
		{9668031C-6BC0-4433-8605-67F482805ECE}.Debug|Any CPU.Build.0 = Debug|Any CPU
		{9668031C-6BC0-4433-8605-67F482805ECE}.Release|Any CPU.ActiveCfg = Release|Any CPU
		{9668031C-6BC0-4433-8605-67F482805ECE}.Release|Any CPU.Build.0 = Release|Any CPU
	EndGlobalSection
	GlobalSection(SolutionProperties) = preSolution
		HideSolutionNode = FALSE
	EndGlobalSection
	GlobalSection(ExtensibilityGlobals) = postSolution
		SolutionGuid = {5BBCEF1E-862A-4983-B9D6-A5D1EE3FF6CB}
	EndGlobalSection
EndGlobal
