
Microsoft Visual Studio Solution File, Format Version 12.00
# Visual Studio Version 16
VisualStudioVersion = 16.0.31702.278
MinimumVisualStudioVersion = 10.0.40219.1
Project("{FAE04EC0-301F-11D3-BF4B-00C04F79EFBC}") = "CMPG323Project2", "CMPG323Project2\CMPG323Project2.csproj", "{1C414E88-7091-4A58-8FD8-56AD3FDE66F7}"
EndProject
Project("{FAE04EC0-301F-11D3-BF4B-00C04F79EFBC}") = "DataLibrary", "DataLibrary\DataLibrary.csproj", "{4A2FFB96-DA2E-43B2-9266-667428D9F524}"
EndProject
Global
	GlobalSection(SolutionConfigurationPlatforms) = preSolution
		Debug|Any CPU = Debug|Any CPU
		Release|Any CPU = Release|Any CPU
	EndGlobalSection
	GlobalSection(ProjectConfigurationPlatforms) = postSolution
		{1C414E88-7091-4A58-8FD8-56AD3FDE66F7}.Debug|Any CPU.ActiveCfg = Debug|Any CPU
		{1C414E88-7091-4A58-8FD8-56AD3FDE66F7}.Debug|Any CPU.Build.0 = Debug|Any CPU
		{1C414E88-7091-4A58-8FD8-56AD3FDE66F7}.Release|Any CPU.ActiveCfg = Release|Any CPU
		{1C414E88-7091-4A58-8FD8-56AD3FDE66F7}.Release|Any CPU.Build.0 = Release|Any CPU
		{4A2FFB96-DA2E-43B2-9266-667428D9F524}.Debug|Any CPU.ActiveCfg = Debug|Any CPU
		{4A2FFB96-DA2E-43B2-9266-667428D9F524}.Debug|Any CPU.Build.0 = Debug|Any CPU
		{4A2FFB96-DA2E-43B2-9266-667428D9F524}.Release|Any CPU.ActiveCfg = Release|Any CPU
		{4A2FFB96-DA2E-43B2-9266-667428D9F524}.Release|Any CPU.Build.0 = Release|Any CPU
	EndGlobalSection
	GlobalSection(SolutionProperties) = preSolution
		HideSolutionNode = FALSE
	EndGlobalSection
	GlobalSection(ExtensibilityGlobals) = postSolution
		SolutionGuid = {275A11BE-B1F3-498F-90B7-0239ECC3E0D8}
	EndGlobalSection
EndGlobal
